
Microsoft Visual Studio Solution File, Format Version 12.00
# Visual Studio 15
Project("{FAE04EC0-301F-11D3-BF4B-00C04F79EFBC}") = "VRC.Udon.Serialization.OdinSerializer", "VRC.Udon.Serialization.OdinSerializer.csproj", "{48743777-163D-757C-F8E5-068CD5EBD551}"
EndProject
Project("{FAE04EC0-301F-11D3-BF4B-00C04F79EFBC}") = "UdonSharp.Editor", "UdonSharp.Editor.csproj", "{F6C4E430-44B7-6675-434A-B8DAA2E82CA0}"
EndProject
Project("{FAE04EC0-301F-11D3-BF4B-00C04F79EFBC}") = "VRC.Udon.Editor", "VRC.Udon.Editor.csproj", "{5AF617EC-E757-02E0-6E10-025F12D696FA}"
EndProject
Project("{FAE04EC0-301F-11D3-BF4B-00C04F79EFBC}") = "ThryAssemblyDefinition", "ThryAssemblyDefinition.csproj", "{ED408EC4-4796-BFB8-928A-EB98D8B40F69}"
EndProject
Project("{FAE04EC0-301F-11D3-BF4B-00C04F79EFBC}") = "VRC.SDKBase.Editor", "VRC.SDKBase.Editor.csproj", "{5D8E9EAB-25F3-CCA5-AC26-1F2EDD275C1C}"
EndProject
Project("{FAE04EC0-301F-11D3-BF4B-00C04F79EFBC}") = "UniTask", "UniTask.csproj", "{298B7EEB-F786-FD5A-BD12-827D94ADD297}"
EndProject
Project("{FAE04EC0-301F-11D3-BF4B-00C04F79EFBC}") = "VRC.ClientSim", "VRC.ClientSim.csproj", "{41D19737-3A5D-CA51-728B-0BCFC1C13700}"
EndProject
Project("{FAE04EC0-301F-11D3-BF4B-00C04F79EFBC}") = "UniTask.Linq", "UniTask.Linq.csproj", "{4AD6DE5C-3716-2F47-F9DF-D113C0C665AD}"
EndProject
Project("{FAE04EC0-301F-11D3-BF4B-00C04F79EFBC}") = "VRC.SDKBase", "VRC.SDKBase.csproj", "{FBEC6987-A45F-2663-526D-C7AAB40DCD55}"
EndProject
Project("{FAE04EC0-301F-11D3-BF4B-00C04F79EFBC}") = "Assembly-CSharp", "Assembly-CSharp.csproj", "{5C0EE727-B8F5-1D95-1A6B-0E234E9B158F}"
EndProject
Project("{FAE04EC0-301F-11D3-BF4B-00C04F79EFBC}") = "VRC.ClientSim.Editor", "VRC.ClientSim.Editor.csproj", "{950C8A31-736E-7BD0-D785-D65BC0B5F379}"
EndProject
Project("{FAE04EC0-301F-11D3-BF4B-00C04F79EFBC}") = "VRC.SDK3", "VRC.SDK3.csproj", "{F0A24F81-247E-96E4-CCC6-DFC3053D5089}"
EndProject
Project("{FAE04EC0-301F-11D3-BF4B-00C04F79EFBC}") = "VRC.SDK3.Editor", "VRC.SDK3.Editor.csproj", "{8A0257D0-8D17-E7BB-3DA8-3120998403A1}"
EndProject
Project("{FAE04EC0-301F-11D3-BF4B-00C04F79EFBC}") = "UniTask.DOTween", "UniTask.DOTween.csproj", "{2F9590EA-5EC2-7239-C585-C3663FFE7DB6}"
EndProject
Project("{FAE04EC0-301F-11D3-BF4B-00C04F79EFBC}") = "QvPen", "QvPen.csproj", "{D22F0918-8148-6D77-7B78-4FC3D7941CF2}"
EndProject
Project("{FAE04EC0-301F-11D3-BF4B-00C04F79EFBC}") = "Poiyomi.ModularShaderSystem", "Poiyomi.ModularShaderSystem.csproj", "{FC6572DF-9DC6-5E00-7813-D491F2DB5D30}"
EndProject
Project("{FAE04EC0-301F-11D3-BF4B-00C04F79EFBC}") = "UnityEditorTests", "UnityEditorTests.csproj", "{B7499EC3-5E5B-EA7B-9F8B-EE17FDAC3DF2}"
EndProject
Project("{FAE04EC0-301F-11D3-BF4B-00C04F79EFBC}") = "Assembly-CSharp-Editor", "Assembly-CSharp-Editor.csproj", "{CAD25170-BFC1-7BDF-A3CE-7CEF86444AA6}"
EndProject
Project("{FAE04EC0-301F-11D3-BF4B-00C04F79EFBC}") = "VRC.Udon", "VRC.Udon.csproj", "{75C3CD58-6AA6-7A9E-7B15-3160F8EDD760}"
EndProject
Project("{FAE04EC0-301F-11D3-BF4B-00C04F79EFBC}") = "com.vrchat.core.vpm-resolver.Editor", "com.vrchat.core.vpm-resolver.Editor.csproj", "{28A817B6-B635-2935-1AAB-F7E9A31CA960}"
EndProject
Project("{FAE04EC0-301F-11D3-BF4B-00C04F79EFBC}") = "VRC.SDKBase.Editor.ShaderStripping", "VRC.SDKBase.Editor.ShaderStripping.csproj", "{011B0C0A-E20A-7332-117F-1A88978C2B0A}"
EndProject
Project("{FAE04EC0-301F-11D3-BF4B-00C04F79EFBC}") = "UdonSharp.Runtime", "UdonSharp.Runtime.csproj", "{E5E8A374-B94B-65E7-FD55-7708C180884B}"
EndProject
Project("{FAE04EC0-301F-11D3-BF4B-00C04F79EFBC}") = "UniTask.Editor", "UniTask.Editor.csproj", "{15C7CEAF-018E-B01C-D357-CD6ADBA1116C}"
EndProject
Project("{FAE04EC0-301F-11D3-BF4B-00C04F79EFBC}") = "UdonSharp.Lib", "UdonSharp.Lib.csproj", "{FCC326BA-0437-1B8B-D43C-4040FB32FC3B}"
EndProject
Project("{FAE04EC0-301F-11D3-BF4B-00C04F79EFBC}") = "VRC.SDKBase.Editor.BuildPipeline", "VRC.SDKBase.Editor.BuildPipeline.csproj", "{E536758C-6B91-B1CF-9E9F-C93FA3C2D5D9}"
EndProject
Project("{FAE04EC0-301F-11D3-BF4B-00C04F79EFBC}") = "UniTask.Addressables", "UniTask.Addressables.csproj", "{E31218F7-8262-2FF3-E26B-7484373D1A92}"
EndProject
Project("{FAE04EC0-301F-11D3-BF4B-00C04F79EFBC}") = "UniTask.TextMeshPro", "UniTask.TextMeshPro.csproj", "{284AB209-7836-092B-1099-C5953D9651D7}"
EndProject
Global
	GlobalSection(SolutionConfigurationPlatforms) = preSolution
		Debug|Any CPU = Debug|Any CPU
		Release|Any CPU = Release|Any CPU
	EndGlobalSection
	GlobalSection(ProjectConfigurationPlatforms) = postSolution
		{48743777-163D-757C-F8E5-068CD5EBD551}.Debug|Any CPU.ActiveCfg = Debug|Any CPU
		{48743777-163D-757C-F8E5-068CD5EBD551}.Debug|Any CPU.Build.0 = Debug|Any CPU
		{48743777-163D-757C-F8E5-068CD5EBD551}.Release|Any CPU.ActiveCfg = Release|Any CPU
		{48743777-163D-757C-F8E5-068CD5EBD551}.Release|Any CPU.Build.0 = Release|Any CPU
		{F6C4E430-44B7-6675-434A-B8DAA2E82CA0}.Debug|Any CPU.ActiveCfg = Debug|Any CPU
		{F6C4E430-44B7-6675-434A-B8DAA2E82CA0}.Debug|Any CPU.Build.0 = Debug|Any CPU
		{F6C4E430-44B7-6675-434A-B8DAA2E82CA0}.Release|Any CPU.ActiveCfg = Release|Any CPU
		{F6C4E430-44B7-6675-434A-B8DAA2E82CA0}.Release|Any CPU.Build.0 = Release|Any CPU
		{5AF617EC-E757-02E0-6E10-025F12D696FA}.Debug|Any CPU.ActiveCfg = Debug|Any CPU
		{5AF617EC-E757-02E0-6E10-025F12D696FA}.Debug|Any CPU.Build.0 = Debug|Any CPU
		{5AF617EC-E757-02E0-6E10-025F12D696FA}.Release|Any CPU.ActiveCfg = Release|Any CPU
		{5AF617EC-E757-02E0-6E10-025F12D696FA}.Release|Any CPU.Build.0 = Release|Any CPU
		{ED408EC4-4796-BFB8-928A-EB98D8B40F69}.Debug|Any CPU.ActiveCfg = Debug|Any CPU
		{ED408EC4-4796-BFB8-928A-EB98D8B40F69}.Debug|Any CPU.Build.0 = Debug|Any CPU
		{ED408EC4-4796-BFB8-928A-EB98D8B40F69}.Release|Any CPU.ActiveCfg = Release|Any CPU
		{ED408EC4-4796-BFB8-928A-EB98D8B40F69}.Release|Any CPU.Build.0 = Release|Any CPU
		{5D8E9EAB-25F3-CCA5-AC26-1F2EDD275C1C}.Debug|Any CPU.ActiveCfg = Debug|Any CPU
		{5D8E9EAB-25F3-CCA5-AC26-1F2EDD275C1C}.Debug|Any CPU.Build.0 = Debug|Any CPU
		{5D8E9EAB-25F3-CCA5-AC26-1F2EDD275C1C}.Release|Any CPU.ActiveCfg = Release|Any CPU
		{5D8E9EAB-25F3-CCA5-AC26-1F2EDD275C1C}.Release|Any CPU.Build.0 = Release|Any CPU
		{298B7EEB-F786-FD5A-BD12-827D94ADD297}.Debug|Any CPU.ActiveCfg = Debug|Any CPU
		{298B7EEB-F786-FD5A-BD12-827D94ADD297}.Debug|Any CPU.Build.0 = Debug|Any CPU
		{298B7EEB-F786-FD5A-BD12-827D94ADD297}.Release|Any CPU.ActiveCfg = Release|Any CPU
		{298B7EEB-F786-FD5A-BD12-827D94ADD297}.Release|Any CPU.Build.0 = Release|Any CPU
		{41D19737-3A5D-CA51-728B-0BCFC1C13700}.Debug|Any CPU.ActiveCfg = Debug|Any CPU
		{41D19737-3A5D-CA51-728B-0BCFC1C13700}.Debug|Any CPU.Build.0 = Debug|Any CPU
		{41D19737-3A5D-CA51-728B-0BCFC1C13700}.Release|Any CPU.ActiveCfg = Release|Any CPU
		{41D19737-3A5D-CA51-728B-0BCFC1C13700}.Release|Any CPU.Build.0 = Release|Any CPU
		{4AD6DE5C-3716-2F47-F9DF-D113C0C665AD}.Debug|Any CPU.ActiveCfg = Debug|Any CPU
		{4AD6DE5C-3716-2F47-F9DF-D113C0C665AD}.Debug|Any CPU.Build.0 = Debug|Any CPU
		{4AD6DE5C-3716-2F47-F9DF-D113C0C665AD}.Release|Any CPU.ActiveCfg = Release|Any CPU
		{4AD6DE5C-3716-2F47-F9DF-D113C0C665AD}.Release|Any CPU.Build.0 = Release|Any CPU
		{FBEC6987-A45F-2663-526D-C7AAB40DCD55}.Debug|Any CPU.ActiveCfg = Debug|Any CPU
		{FBEC6987-A45F-2663-526D-C7AAB40DCD55}.Debug|Any CPU.Build.0 = Debug|Any CPU
		{FBEC6987-A45F-2663-526D-C7AAB40DCD55}.Release|Any CPU.ActiveCfg = Release|Any CPU
		{FBEC6987-A45F-2663-526D-C7AAB40DCD55}.Release|Any CPU.Build.0 = Release|Any CPU
		{5C0EE727-B8F5-1D95-1A6B-0E234E9B158F}.Debug|Any CPU.ActiveCfg = Debug|Any CPU
		{5C0EE727-B8F5-1D95-1A6B-0E234E9B158F}.Debug|Any CPU.Build.0 = Debug|Any CPU
		{5C0EE727-B8F5-1D95-1A6B-0E234E9B158F}.Release|Any CPU.ActiveCfg = Release|Any CPU
		{5C0EE727-B8F5-1D95-1A6B-0E234E9B158F}.Release|Any CPU.Build.0 = Release|Any CPU
		{950C8A31-736E-7BD0-D785-D65BC0B5F379}.Debug|Any CPU.ActiveCfg = Debug|Any CPU
		{950C8A31-736E-7BD0-D785-D65BC0B5F379}.Debug|Any CPU.Build.0 = Debug|Any CPU
		{950C8A31-736E-7BD0-D785-D65BC0B5F379}.Release|Any CPU.ActiveCfg = Release|Any CPU
		{950C8A31-736E-7BD0-D785-D65BC0B5F379}.Release|Any CPU.Build.0 = Release|Any CPU
		{F0A24F81-247E-96E4-CCC6-DFC3053D5089}.Debug|Any CPU.ActiveCfg = Debug|Any CPU
		{F0A24F81-247E-96E4-CCC6-DFC3053D5089}.Debug|Any CPU.Build.0 = Debug|Any CPU
		{F0A24F81-247E-96E4-CCC6-DFC3053D5089}.Release|Any CPU.ActiveCfg = Release|Any CPU
		{F0A24F81-247E-96E4-CCC6-DFC3053D5089}.Release|Any CPU.Build.0 = Release|Any CPU
		{8A0257D0-8D17-E7BB-3DA8-3120998403A1}.Debug|Any CPU.ActiveCfg = Debug|Any CPU
		{8A0257D0-8D17-E7BB-3DA8-3120998403A1}.Debug|Any CPU.Build.0 = Debug|Any CPU
		{8A0257D0-8D17-E7BB-3DA8-3120998403A1}.Release|Any CPU.ActiveCfg = Release|Any CPU
		{8A0257D0-8D17-E7BB-3DA8-3120998403A1}.Release|Any CPU.Build.0 = Release|Any CPU
		{2F9590EA-5EC2-7239-C585-C3663FFE7DB6}.Debug|Any CPU.ActiveCfg = Debug|Any CPU
		{2F9590EA-5EC2-7239-C585-C3663FFE7DB6}.Debug|Any CPU.Build.0 = Debug|Any CPU
		{2F9590EA-5EC2-7239-C585-C3663FFE7DB6}.Release|Any CPU.ActiveCfg = Release|Any CPU
		{2F9590EA-5EC2-7239-C585-C3663FFE7DB6}.Release|Any CPU.Build.0 = Release|Any CPU
		{D22F0918-8148-6D77-7B78-4FC3D7941CF2}.Debug|Any CPU.ActiveCfg = Debug|Any CPU
		{D22F0918-8148-6D77-7B78-4FC3D7941CF2}.Debug|Any CPU.Build.0 = Debug|Any CPU
		{D22F0918-8148-6D77-7B78-4FC3D7941CF2}.Release|Any CPU.ActiveCfg = Release|Any CPU
		{D22F0918-8148-6D77-7B78-4FC3D7941CF2}.Release|Any CPU.Build.0 = Release|Any CPU
		{FC6572DF-9DC6-5E00-7813-D491F2DB5D30}.Debug|Any CPU.ActiveCfg = Debug|Any CPU
		{FC6572DF-9DC6-5E00-7813-D491F2DB5D30}.Debug|Any CPU.Build.0 = Debug|Any CPU
		{FC6572DF-9DC6-5E00-7813-D491F2DB5D30}.Release|Any CPU.ActiveCfg = Release|Any CPU
		{FC6572DF-9DC6-5E00-7813-D491F2DB5D30}.Release|Any CPU.Build.0 = Release|Any CPU
		{B7499EC3-5E5B-EA7B-9F8B-EE17FDAC3DF2}.Debug|Any CPU.ActiveCfg = Debug|Any CPU
		{B7499EC3-5E5B-EA7B-9F8B-EE17FDAC3DF2}.Debug|Any CPU.Build.0 = Debug|Any CPU
		{B7499EC3-5E5B-EA7B-9F8B-EE17FDAC3DF2}.Release|Any CPU.ActiveCfg = Release|Any CPU
		{B7499EC3-5E5B-EA7B-9F8B-EE17FDAC3DF2}.Release|Any CPU.Build.0 = Release|Any CPU
		{CAD25170-BFC1-7BDF-A3CE-7CEF86444AA6}.Debug|Any CPU.ActiveCfg = Debug|Any CPU
		{CAD25170-BFC1-7BDF-A3CE-7CEF86444AA6}.Debug|Any CPU.Build.0 = Debug|Any CPU
		{CAD25170-BFC1-7BDF-A3CE-7CEF86444AA6}.Release|Any CPU.ActiveCfg = Release|Any CPU
		{CAD25170-BFC1-7BDF-A3CE-7CEF86444AA6}.Release|Any CPU.Build.0 = Release|Any CPU
		{75C3CD58-6AA6-7A9E-7B15-3160F8EDD760}.Debug|Any CPU.ActiveCfg = Debug|Any CPU
		{75C3CD58-6AA6-7A9E-7B15-3160F8EDD760}.Debug|Any CPU.Build.0 = Debug|Any CPU
		{75C3CD58-6AA6-7A9E-7B15-3160F8EDD760}.Release|Any CPU.ActiveCfg = Release|Any CPU
		{75C3CD58-6AA6-7A9E-7B15-3160F8EDD760}.Release|Any CPU.Build.0 = Release|Any CPU
		{28A817B6-B635-2935-1AAB-F7E9A31CA960}.Debug|Any CPU.ActiveCfg = Debug|Any CPU
		{28A817B6-B635-2935-1AAB-F7E9A31CA960}.Debug|Any CPU.Build.0 = Debug|Any CPU
		{28A817B6-B635-2935-1AAB-F7E9A31CA960}.Release|Any CPU.ActiveCfg = Release|Any CPU
		{28A817B6-B635-2935-1AAB-F7E9A31CA960}.Release|Any CPU.Build.0 = Release|Any CPU
		{011B0C0A-E20A-7332-117F-1A88978C2B0A}.Debug|Any CPU.ActiveCfg = Debug|Any CPU
		{011B0C0A-E20A-7332-117F-1A88978C2B0A}.Debug|Any CPU.Build.0 = Debug|Any CPU
		{011B0C0A-E20A-7332-117F-1A88978C2B0A}.Release|Any CPU.ActiveCfg = Release|Any CPU
		{011B0C0A-E20A-7332-117F-1A88978C2B0A}.Release|Any CPU.Build.0 = Release|Any CPU
		{E5E8A374-B94B-65E7-FD55-7708C180884B}.Debug|Any CPU.ActiveCfg = Debug|Any CPU
		{E5E8A374-B94B-65E7-FD55-7708C180884B}.Debug|Any CPU.Build.0 = Debug|Any CPU
		{E5E8A374-B94B-65E7-FD55-7708C180884B}.Release|Any CPU.ActiveCfg = Release|Any CPU
		{E5E8A374-B94B-65E7-FD55-7708C180884B}.Release|Any CPU.Build.0 = Release|Any CPU
		{15C7CEAF-018E-B01C-D357-CD6ADBA1116C}.Debug|Any CPU.ActiveCfg = Debug|Any CPU
		{15C7CEAF-018E-B01C-D357-CD6ADBA1116C}.Debug|Any CPU.Build.0 = Debug|Any CPU
		{15C7CEAF-018E-B01C-D357-CD6ADBA1116C}.Release|Any CPU.ActiveCfg = Release|Any CPU
		{15C7CEAF-018E-B01C-D357-CD6ADBA1116C}.Release|Any CPU.Build.0 = Release|Any CPU
		{FCC326BA-0437-1B8B-D43C-4040FB32FC3B}.Debug|Any CPU.ActiveCfg = Debug|Any CPU
		{FCC326BA-0437-1B8B-D43C-4040FB32FC3B}.Debug|Any CPU.Build.0 = Debug|Any CPU
		{FCC326BA-0437-1B8B-D43C-4040FB32FC3B}.Release|Any CPU.ActiveCfg = Release|Any CPU
		{FCC326BA-0437-1B8B-D43C-4040FB32FC3B}.Release|Any CPU.Build.0 = Release|Any CPU
		{E536758C-6B91-B1CF-9E9F-C93FA3C2D5D9}.Debug|Any CPU.ActiveCfg = Debug|Any CPU
		{E536758C-6B91-B1CF-9E9F-C93FA3C2D5D9}.Debug|Any CPU.Build.0 = Debug|Any CPU
		{E536758C-6B91-B1CF-9E9F-C93FA3C2D5D9}.Release|Any CPU.ActiveCfg = Release|Any CPU
		{E536758C-6B91-B1CF-9E9F-C93FA3C2D5D9}.Release|Any CPU.Build.0 = Release|Any CPU
		{E31218F7-8262-2FF3-E26B-7484373D1A92}.Debug|Any CPU.ActiveCfg = Debug|Any CPU
		{E31218F7-8262-2FF3-E26B-7484373D1A92}.Debug|Any CPU.Build.0 = Debug|Any CPU
		{E31218F7-8262-2FF3-E26B-7484373D1A92}.Release|Any CPU.ActiveCfg = Release|Any CPU
		{E31218F7-8262-2FF3-E26B-7484373D1A92}.Release|Any CPU.Build.0 = Release|Any CPU
		{284AB209-7836-092B-1099-C5953D9651D7}.Debug|Any CPU.ActiveCfg = Debug|Any CPU
		{284AB209-7836-092B-1099-C5953D9651D7}.Debug|Any CPU.Build.0 = Debug|Any CPU
		{284AB209-7836-092B-1099-C5953D9651D7}.Release|Any CPU.ActiveCfg = Release|Any CPU
		{284AB209-7836-092B-1099-C5953D9651D7}.Release|Any CPU.Build.0 = Release|Any CPU
	EndGlobalSection
	GlobalSection(SolutionProperties) = preSolution
		HideSolutionNode = FALSE
	EndGlobalSection
EndGlobal
